
Microsoft Visual Studio Solution File, Format Version 12.00
# Visual Studio Version 17
VisualStudioVersion = 17.6.33723.286
MinimumVisualStudioVersion = 10.0.40219.1
Project("{9A19103F-16F7-4668-BE54-9A1E7A4F7556}") = "UniqueWordsCalculator", "UniqueWordsCalculator.csproj", "{7EFB64E3-FA23-45C2-9823-99FDF9F94326}"
EndProject
Project("{9A19103F-16F7-4668-BE54-9A1E7A4F7556}") = "UniqueWordCalculatorTestProject", "..\UniqueWordCalculatorTestProject\UniqueWordCalculatorTestProject.csproj", "{267683A9-8B35-4D46-AB48-D822CE5386D2}"
EndProject
Global
	GlobalSection(SolutionConfigurationPlatforms) = preSolution
		Debug|Any CPU = Debug|Any CPU
		Release|Any CPU = Release|Any CPU
	EndGlobalSection
	GlobalSection(ProjectConfigurationPlatforms) = postSolution
		{7EFB64E3-FA23-45C2-9823-99FDF9F94326}.Debug|Any CPU.ActiveCfg = Debug|Any CPU
		{7EFB64E3-FA23-45C2-9823-99FDF9F94326}.Debug|Any CPU.Build.0 = Debug|Any CPU
		{7EFB64E3-FA23-45C2-9823-99FDF9F94326}.Release|Any CPU.ActiveCfg = Release|Any CPU
		{7EFB64E3-FA23-45C2-9823-99FDF9F94326}.Release|Any CPU.Build.0 = Release|Any CPU
		{267683A9-8B35-4D46-AB48-D822CE5386D2}.Debug|Any CPU.ActiveCfg = Debug|Any CPU
		{267683A9-8B35-4D46-AB48-D822CE5386D2}.Debug|Any CPU.Build.0 = Debug|Any CPU
		{267683A9-8B35-4D46-AB48-D822CE5386D2}.Release|Any CPU.ActiveCfg = Release|Any CPU
		{267683A9-8B35-4D46-AB48-D822CE5386D2}.Release|Any CPU.Build.0 = Release|Any CPU
	EndGlobalSection
	GlobalSection(SolutionProperties) = preSolution
		HideSolutionNode = FALSE
	EndGlobalSection
	GlobalSection(ExtensibilityGlobals) = postSolution
		SolutionGuid = {651A1EB2-6524-45E6-BD62-10B871A0772D}
	EndGlobalSection
EndGlobal
